
Microsoft Visual Studio Solution File, Format Version 12.00
# Visual Studio Version 17
VisualStudioVersion = 17.14.36301.6
MinimumVisualStudioVersion = 10.0.40219.1
Project("{FAE04EC0-301F-11D3-BF4B-00C04F79EFBC}") = "KnightsTour", "KnightsTour\KnightsTour.csproj", "{71C4ADB9-2660-41E2-96DD-F32BB41C06AB}"
EndProject
Global
	GlobalSection(SolutionConfigurationPlatforms) = preSolution
		Debug|Any CPU = Debug|Any CPU
		Release|Any CPU = Release|Any CPU
	EndGlobalSection
	GlobalSection(ProjectConfigurationPlatforms) = postSolution
		{71C4ADB9-2660-41E2-96DD-F32BB41C06AB}.Debug|Any CPU.ActiveCfg = Debug|Any CPU
		{71C4ADB9-2660-41E2-96DD-F32BB41C06AB}.Debug|Any CPU.Build.0 = Debug|Any CPU
		{71C4ADB9-2660-41E2-96DD-F32BB41C06AB}.Release|Any CPU.ActiveCfg = Release|Any CPU
		{71C4ADB9-2660-41E2-96DD-F32BB41C06AB}.Release|Any CPU.Build.0 = Release|Any CPU
	EndGlobalSection
	GlobalSection(SolutionProperties) = preSolution
		HideSolutionNode = FALSE
	EndGlobalSection
	GlobalSection(ExtensibilityGlobals) = postSolution
		SolutionGuid = {A572DA02-FB6D-42E7-A69C-9FBA6B05DE30}
	EndGlobalSection
EndGlobal
